
Microsoft Visual Studio Solution File, Format Version 12.00
# Visual Studio Version 17
VisualStudioVersion = 17.4.33122.133
MinimumVisualStudioVersion = 10.0.40219.1
Project("{9A19103F-16F7-4668-BE54-9A1E7A4F7556}") = "TTT-Library", "TTT-Library\TTT-Library.csproj", "{472FFBB9-D758-442B-92D4-54A6E56C6AF1}"
EndProject
Project("{9A19103F-16F7-4668-BE54-9A1E7A4F7556}") = "TTT-WPFApp", "TTT-WPFApp\TTT-WPFApp.csproj", "{2C18FFE7-5A06-4728-9497-DE20D4025E3B}"
EndProject
Global
	GlobalSection(SolutionConfigurationPlatforms) = preSolution
		Debug|Any CPU = Debug|Any CPU
		Release|Any CPU = Release|Any CPU
	EndGlobalSection
	GlobalSection(ProjectConfigurationPlatforms) = postSolution
		{472FFBB9-D758-442B-92D4-54A6E56C6AF1}.Debug|Any CPU.ActiveCfg = Debug|Any CPU
		{472FFBB9-D758-442B-92D4-54A6E56C6AF1}.Debug|Any CPU.Build.0 = Debug|Any CPU
		{472FFBB9-D758-442B-92D4-54A6E56C6AF1}.Release|Any CPU.ActiveCfg = Release|Any CPU
		{472FFBB9-D758-442B-92D4-54A6E56C6AF1}.Release|Any CPU.Build.0 = Release|Any CPU
		{2C18FFE7-5A06-4728-9497-DE20D4025E3B}.Debug|Any CPU.ActiveCfg = Debug|Any CPU
		{2C18FFE7-5A06-4728-9497-DE20D4025E3B}.Debug|Any CPU.Build.0 = Debug|Any CPU
		{2C18FFE7-5A06-4728-9497-DE20D4025E3B}.Release|Any CPU.ActiveCfg = Release|Any CPU
		{2C18FFE7-5A06-4728-9497-DE20D4025E3B}.Release|Any CPU.Build.0 = Release|Any CPU
	EndGlobalSection
	GlobalSection(SolutionProperties) = preSolution
		HideSolutionNode = FALSE
	EndGlobalSection
	GlobalSection(ExtensibilityGlobals) = postSolution
		SolutionGuid = {DCD8705B-346F-491F-A2E8-9BFA6C3473C8}
	EndGlobalSection
EndGlobal
