
Microsoft Visual Studio Solution File, Format Version 12.00
# Visual Studio Version 17
VisualStudioVersion = 17.4.33122.133
MinimumVisualStudioVersion = 10.0.40219.1
Project("{9A19103F-16F7-4668-BE54-9A1E7A4F7556}") = "CPU-Opponent", "CPU-Opponent\CPU-Opponent.csproj", "{DF00EAEE-D204-436E-B58F-3F917D6C05DA}"
EndProject
Project("{9A19103F-16F7-4668-BE54-9A1E7A4F7556}") = "Game-Library", "Game-Library\Game-Library.csproj", "{FE43432A-2174-4C99-924F-59031571B451}"
EndProject
Project("{9A19103F-16F7-4668-BE54-9A1E7A4F7556}") = "WPF-App", "WPF-App\WPF-App.csproj", "{286C6A77-8A04-459F-994A-EC7874D39BC1}"
EndProject
Project("{FAE04EC0-301F-11D3-BF4B-00C04F79EFBC}") = "Win-Forms-App", "Win-Forms-App\Win-Forms-App.csproj", "{BA14F098-6CF1-4A89-8F8A-FDACB8F87CC4}"
EndProject
Global
	GlobalSection(SolutionConfigurationPlatforms) = preSolution
		Debug|Any CPU = Debug|Any CPU
		Release|Any CPU = Release|Any CPU
	EndGlobalSection
	GlobalSection(ProjectConfigurationPlatforms) = postSolution
		{DF00EAEE-D204-436E-B58F-3F917D6C05DA}.Debug|Any CPU.ActiveCfg = Debug|Any CPU
		{DF00EAEE-D204-436E-B58F-3F917D6C05DA}.Debug|Any CPU.Build.0 = Debug|Any CPU
		{DF00EAEE-D204-436E-B58F-3F917D6C05DA}.Release|Any CPU.ActiveCfg = Release|Any CPU
		{DF00EAEE-D204-436E-B58F-3F917D6C05DA}.Release|Any CPU.Build.0 = Release|Any CPU
		{FE43432A-2174-4C99-924F-59031571B451}.Debug|Any CPU.ActiveCfg = Debug|Any CPU
		{FE43432A-2174-4C99-924F-59031571B451}.Debug|Any CPU.Build.0 = Debug|Any CPU
		{FE43432A-2174-4C99-924F-59031571B451}.Release|Any CPU.ActiveCfg = Release|Any CPU
		{FE43432A-2174-4C99-924F-59031571B451}.Release|Any CPU.Build.0 = Release|Any CPU
		{286C6A77-8A04-459F-994A-EC7874D39BC1}.Debug|Any CPU.ActiveCfg = Debug|Any CPU
		{286C6A77-8A04-459F-994A-EC7874D39BC1}.Debug|Any CPU.Build.0 = Debug|Any CPU
		{286C6A77-8A04-459F-994A-EC7874D39BC1}.Release|Any CPU.ActiveCfg = Release|Any CPU
		{286C6A77-8A04-459F-994A-EC7874D39BC1}.Release|Any CPU.Build.0 = Release|Any CPU
		{BA14F098-6CF1-4A89-8F8A-FDACB8F87CC4}.Debug|Any CPU.ActiveCfg = Debug|Any CPU
		{BA14F098-6CF1-4A89-8F8A-FDACB8F87CC4}.Debug|Any CPU.Build.0 = Debug|Any CPU
		{BA14F098-6CF1-4A89-8F8A-FDACB8F87CC4}.Release|Any CPU.ActiveCfg = Release|Any CPU
		{BA14F098-6CF1-4A89-8F8A-FDACB8F87CC4}.Release|Any CPU.Build.0 = Release|Any CPU
	EndGlobalSection
	GlobalSection(SolutionProperties) = preSolution
		HideSolutionNode = FALSE
	EndGlobalSection
	GlobalSection(ExtensibilityGlobals) = postSolution
		SolutionGuid = {DCD8705B-346F-491F-A2E8-9BFA6C3473C8}
	EndGlobalSection
EndGlobal
